Microsoft Visual Studio Solution File, Format Version 12.00
# Visual Studio 15
VisualStudioVersion = 15.0.28307.168
MinimumVisualStudioVersion = 10.0.40219.1
Project("{9A19103F-16F7-4668-BE54-9A1E7A4F7556}") = "FuseSharp", "FuseSharp\FuseSharp.csproj", "{2808B15F-E738-485F-8FE0-4947606C2D30}"
EndProject
Project("{9A19103F-16F7-4668-BE54-9A1E7A4F7556}") = "FuseSharp.Example", "example\FuseSharp.Example.csproj", "{F3BC71A0-D421-499B-82CA-E9446F06B978}"
EndProject
Global
	GlobalSection(SolutionConfigurationPlatforms) = preSolution
		Debug|Any CPU = Debug|Any CPU
		Release|Any CPU = Release|Any CPU
	EndGlobalSection
	GlobalSection(ProjectConfigurationPlatforms) = postSolution
		{2808B15F-E738-485F-8FE0-4947606C2D30}.Debug|Any CPU.ActiveCfg = Debug|Any CPU
		{2808B15F-E738-485F-8FE0-4947606C2D30}.Debug|Any CPU.Build.0 = Debug|Any CPU
		{2808B15F-E738-485F-8FE0-4947606C2D30}.Release|Any CPU.ActiveCfg = Release|Any CPU
		{2808B15F-E738-485F-8FE0-4947606C2D30}.Release|Any CPU.Build.0 = Release|Any CPU
		{F3BC71A0-D421-499B-82CA-E9446F06B978}.Debug|Any CPU.ActiveCfg = Debug|Any CPU
		{F3BC71A0-D421-499B-82CA-E9446F06B978}.Debug|Any CPU.Build.0 = Debug|Any CPU
		{F3BC71A0-D421-499B-82CA-E9446F06B978}.Release|Any CPU.ActiveCfg = Release|Any CPU
		{F3BC71A0-D421-499B-82CA-E9446F06B978}.Release|Any CPU.Build.0 = Release|Any CPU
	EndGlobalSection
	GlobalSection(SolutionProperties) = preSolution
		HideSolutionNode = FALSE
	EndGlobalSection
	GlobalSection(ExtensibilityGlobals) = postSolution
		SolutionGuid = {E589DCE6-F216-4A9E-833B-3FC1374FDD3F}
	EndGlobalSection
EndGlobal
